// !$*UTF8*$!
{
	archiveVersion = 1;
	classes = {
	};
	objectVersion = 55;
	objects = {

/* Begin PBXBuildFile section */
		3BAE49F6F9E0996C673C7D2C /* Pods_BTCompTest.framework in Frameworks */ = {isa = PBXBuildFile; fileRef = A6B405D3E7C3DB668FF88054 /* Pods_BTCompTest.framework */; };
		59AE98B01A3877DBA432D123 /* Pods_BTCompTestTests.framework in Frameworks */ = {isa = PBXBuildFile; fileRef = 625B60651FB2D3D7628994F8 /* Pods_BTCompTestTests.framework */; };
		CCAA2F9FAD55FAB4609BC016 /* Pods_BTCompTestUITests.framework in Frameworks */ = {isa = PBXBuildFile; fileRef = 75900C2BD7D17C4642C67DA6 /* Pods_BTCompTestUITests.framework */; };
		E605989C284DE4C600991B8F /* BTCompTestApp.swift in Sources */ = {isa = PBXBuildFile; fileRef = E605989B284DE4C600991B8F /* BTCompTestApp.swift */; };
		E605989E284DE4C600991B8F /* ContentView.swift in Sources */ = {isa = PBXBuildFile; fileRef = E605989D284DE4C600991B8F /* ContentView.swift */; };
		E60598A0284DE4C700991B8F /* Assets.xcassets in Resources */ = {isa = PBXBuildFile; fileRef = E605989F284DE4C700991B8F /* Assets.xcassets */; };
		E60598A3284DE4C700991B8F /* Preview Assets.xcassets in Resources */ = {isa = PBXBuildFile; fileRef = E60598A2284DE4C700991B8F /* Preview Assets.xcassets */; };
		E60598AD284DE4C800991B8F /* BTCompTestTests.swift in Sources */ = {isa = PBXBuildFile; fileRef = E60598AC284DE4C800991B8F /* BTCompTestTests.swift */; };
		E60598B7284DE4C800991B8F /* BTCompTestUITests.swift in Sources */ = {isa = PBXBuildFile; fileRef = E60598B6284DE4C800991B8F /* BTCompTestUITests.swift */; };
		E60598B9284DE4C800991B8F /* BTCompTestUITestsLaunchTests.swift in Sources */ = {isa = PBXBuildFile; fileRef = E60598B8284DE4C800991B8F /* BTCompTestUITestsLaunchTests.swift */; };
		E60598D6284EF6A600991B8F /* PlayerViewModel.swift in Sources */ = {isa = PBXBuildFile; fileRef = E60598D4284EF6A600991B8F /* PlayerViewModel.swift */; };
		E60598D7284EF6A600991B8F /* PlayerView.swift in Sources */ = {isa = PBXBuildFile; fileRef = E60598D5284EF6A600991B8F /* PlayerView.swift */; };
		E60598D9284EF6AD00991B8F /* CustomPlayerWithControls.swift in Sources */ = {isa = PBXBuildFile; fileRef = E60598D8284EF6AD00991B8F /* CustomPlayerWithControls.swift */; };
		E60598DB284EF6DD00991B8F /* test.mp4 in Resources */ = {isa = PBXBuildFile; fileRef = E60598DA284EF6DD00991B8F /* test.mp4 */; };
/* End PBXBuildFile section */

/* Begin PBXContainerItemProxy section */
		E60598A9284DE4C800991B8F /* PBXContainerItemProxy */ = {
			isa = PBXContainerItemProxy;
			containerPortal = E6059890284DE4C600991B8F /* Project object */;
			proxyType = 1;
			remoteGlobalIDString = E6059897284DE4C600991B8F;
			remoteInfo = BTCompTest;
		};
		E60598B3284DE4C800991B8F /* PBXContainerItemProxy */ = {
			isa = PBXContainerItemProxy;
			containerPortal = E6059890284DE4C600991B8F /* Project object */;
			proxyType = 1;
			remoteGlobalIDString = E6059897284DE4C600991B8F;
			remoteInfo = BTCompTest;
		};
/* End PBXContainerItemProxy section */

/* Begin PBXFileReference section */
		27FAA3C93A4949E33BF97897 /* Pods-BTCompTest.release.xcconfig */ = {isa = PBXFileReference; includeInIndex = 1; lastKnownFileType = text.xcconfig; name = "Pods-BTCompTest.release.xcconfig"; path = "Pods/Target Support Files/Pods-BTCompTest/Pods-BTCompTest.release.xcconfig"; sourceTree = "<group>"; };
		39C3E9BF6F180A9DC31279DA /* Pods-BTCompTestTests.release.xcconfig */ = {isa = PBXFileReference; includeInIndex = 1; lastKnownFileType = text.xcconfig; name = "Pods-BTCompTestTests.release.xcconfig"; path = "Pods/Target Support Files/Pods-BTCompTestTests/Pods-BTCompTestTests.release.xcconfig"; sourceTree = "<group>"; };
		5F215A4DC826F435BB1F90BF /* Pods-BTCompTest.debug.xcconfig */ = {isa = PBXFileReference; includeInIndex = 1; lastKnownFileType = text.xcconfig; name = "Pods-BTCompTest.debug.xcconfig"; path = "Pods/Target Support Files/Pods-BTCompTest/Pods-BTCompTest.debug.xcconfig"; sourceTree = "<group>"; };
		625B60651FB2D3D7628994F8 /* Pods_BTCompTestTests.framework */ = {isa = PBXFileReference; explicitFileType = wrapper.framework; includeInIndex = 0; path = Pods_BTCompTestTests.framework; sourceTree = BUILT_PRODUCTS_DIR; };
		75900C2BD7D17C4642C67DA6 /* Pods_BTCompTestUITests.framework */ = {isa = PBXFileReference; explicitFileType = wrapper.framework; includeInIndex = 0; path = Pods_BTCompTestUITests.framework; sourceTree = BUILT_PRODUCTS_DIR; };
		76FF6C15DF45C929810231DD /* Pods-BTCompTestUITests.debug.xcconfig */ = {isa = PBXFileReference; includeInIndex = 1; lastKnownFileType = text.xcconfig; name = "Pods-BTCompTestUITests.debug.xcconfig"; path = "Pods/Target Support Files/Pods-BTCompTestUITests/Pods-BTCompTestUITests.debug.xcconfig"; sourceTree = "<group>"; };
		A6B405D3E7C3DB668FF88054 /* Pods_BTCompTest.framework */ = {isa = PBXFileReference; explicitFileType = wrapper.framework; includeInIndex = 0; path = Pods_BTCompTest.framework; sourceTree = BUILT_PRODUCTS_DIR; };
		C0F55BC83FB32EF75E13123F /* Pods-BTCompTestUITests.release.xcconfig */ = {isa = PBXFileReference; includeInIndex = 1; lastKnownFileType = text.xcconfig; name = "Pods-BTCompTestUITests.release.xcconfig"; path = "Pods/Target Support Files/Pods-BTCompTestUITests/Pods-BTCompTestUITests.release.xcconfig"; sourceTree = "<group>"; };
		E6059898284DE4C600991B8F /* BTCompTest.app */ = {isa = PBXFileReference; explicitFileType = wrapper.application; includeInIndex = 0; path = BTCompTest.app; sourceTree = BUILT_PRODUCTS_DIR; };
		E605989B284DE4C600991B8F /* BTCompTestApp.swift */ = {isa = PBXFileReference; lastKnownFileType = sourcecode.swift; path = BTCompTestApp.swift; sourceTree = "<group>"; };
		E605989D284DE4C600991B8F /* ContentView.swift */ = {isa = PBXFileReference; lastKnownFileType = sourcecode.swift; path = ContentView.swift; sourceTree = "<group>"; };
		E605989F284DE4C700991B8F /* Assets.xcassets */ = {isa = PBXFileReference; lastKnownFileType = folder.assetcatalog; path = Assets.xcassets; sourceTree = "<group>"; };
		E60598A2284DE4C700991B8F /* Preview Assets.xcassets */ = {isa = PBXFileReference; lastKnownFileType = folder.assetcatalog; path = "Preview Assets.xcassets"; sourceTree = "<group>"; };
		E60598A8284DE4C800991B8F /* BTCompTestTests.xctest */ = {isa = PBXFileReference; explicitFileType = wrapper.cfbundle; includeInIndex = 0; path = BTCompTestTests.xctest; sourceTree = BUILT_PRODUCTS_DIR; };
		E60598AC284DE4C800991B8F /* BTCompTestTests.swift */ = {isa = PBXFileReference; lastKnownFileType = sourcecode.swift; path = BTCompTestTests.swift; sourceTree = "<group>"; };
		E60598B2284DE4C800991B8F /* BTCompTestUITests.xctest */ = {isa = PBXFileReference; explicitFileType = wrapper.cfbundle; includeInIndex = 0; path = BTCompTestUITests.xctest; sourceTree = BUILT_PRODUCTS_DIR; };
		E60598B6284DE4C800991B8F /* BTCompTestUITests.swift */ = {isa = PBXFileReference; lastKnownFileType = sourcecode.swift; path = BTCompTestUITests.swift; sourceTree = "<group>"; };
		E60598B8284DE4C800991B8F /* BTCompTestUITestsLaunchTests.swift */ = {isa = PBXFileReference; lastKnownFileType = sourcecode.swift; path = BTCompTestUITestsLaunchTests.swift; sourceTree = "<group>"; };
		E60598D4284EF6A600991B8F /* PlayerViewModel.swift */ = {isa = PBXFileReference; fileEncoding = 4; lastKnownFileType = sourcecode.swift; path = PlayerViewModel.swift; sourceTree = "<group>"; };
		E60598D5284EF6A600991B8F /* PlayerView.swift */ = {isa = PBXFileReference; fileEncoding = 4; lastKnownFileType = sourcecode.swift; path = PlayerView.swift; sourceTree = "<group>"; };
		E60598D8284EF6AD00991B8F /* CustomPlayerWithControls.swift */ = {isa = PBXFileReference; fileEncoding = 4; lastKnownFileType = sourcecode.swift; path = CustomPlayerWithControls.swift; sourceTree = "<group>"; };
		E60598DA284EF6DD00991B8F /* test.mp4 */ = {isa = PBXFileReference; lastKnownFileType = file; path = test.mp4; sourceTree = "<group>"; };
		E60598DC284EF88000991B8F /* Info.plist */ = {isa = PBXFileReference; lastKnownFileType = text.plist.xml; path = Info.plist; sourceTree = "<group>"; };
		E881A3F5A5F196A23738B04E /* Pods-BTCompTestTests.debug.xcconfig */ = {isa = PBXFileReference; includeInIndex = 1; lastKnownFileType = text.xcconfig; name = "Pods-BTCompTestTests.debug.xcconfig"; path = "Pods/Target Support Files/Pods-BTCompTestTests/Pods-BTCompTestTests.debug.xcconfig"; sourceTree = "<group>"; };
/* End PBXFileReference section */

/* Begin PBXFrameworksBuildPhase section */
		E6059895284DE4C600991B8F /* Frameworks */ = {
			isa = PBXFrameworksBuildPhase;
			buildActionMask = 2147483647;
			files = (
				3BAE49F6F9E0996C673C7D2C /* Pods_BTCompTest.framework in Frameworks */,
			);
			runOnlyForDeploymentPostprocessing = 0;
		};
		E60598A5284DE4C800991B8F /* Frameworks */ = {
			isa = PBXFrameworksBuildPhase;
			buildActionMask = 2147483647;
			files = (
				59AE98B01A3877DBA432D123 /* Pods_BTCompTestTests.framework in Frameworks */,
			);
			runOnlyForDeploymentPostprocessing = 0;
		};
		E60598AF284DE4C800991B8F /* Frameworks */ = {
			isa = PBXFrameworksBuildPhase;
			buildActionMask = 2147483647;
			files = (
				CCAA2F9FAD55FAB4609BC016 /* Pods_BTCompTestUITests.framework in Frameworks */,
			);
			runOnlyForDeploymentPostprocessing = 0;
		};
/* End PBXFrameworksBuildPhase section */

/* Begin PBXGroup section */
		AE6A08A015CCFDBC703D308B /* Pods */ = {
			isa = PBXGroup;
			children = (
				5F215A4DC826F435BB1F90BF /* Pods-BTCompTest.debug.xcconfig */,
				27FAA3C93A4949E33BF97897 /* Pods-BTCompTest.release.xcconfig */,
				E881A3F5A5F196A23738B04E /* Pods-BTCompTestTests.debug.xcconfig */,
				39C3E9BF6F180A9DC31279DA /* Pods-BTCompTestTests.release.xcconfig */,
				76FF6C15DF45C929810231DD /* Pods-BTCompTestUITests.debug.xcconfig */,
				C0F55BC83FB32EF75E13123F /* Pods-BTCompTestUITests.release.xcconfig */,
			);
			name = Pods;
			sourceTree = "<group>";
		};
		D3AE0A682A6DEC6638994D9C /* Frameworks */ = {
			isa = PBXGroup;
			children = (
				A6B405D3E7C3DB668FF88054 /* Pods_BTCompTest.framework */,
				625B60651FB2D3D7628994F8 /* Pods_BTCompTestTests.framework */,
				75900C2BD7D17C4642C67DA6 /* Pods_BTCompTestUITests.framework */,
			);
			name = Frameworks;
			sourceTree = "<group>";
		};
		E605988F284DE4C600991B8F = {
			isa = PBXGroup;
			children = (
				E605989A284DE4C600991B8F /* BTCompTest */,
				E60598AB284DE4C800991B8F /* BTCompTestTests */,
				E60598B5284DE4C800991B8F /* BTCompTestUITests */,
				E6059899284DE4C600991B8F /* Products */,
				AE6A08A015CCFDBC703D308B /* Pods */,
				D3AE0A682A6DEC6638994D9C /* Frameworks */,
			);
			sourceTree = "<group>";
		};
		E6059899284DE4C600991B8F /* Products */ = {
			isa = PBXGroup;
			children = (
				E6059898284DE4C600991B8F /* BTCompTest.app */,
				E60598A8284DE4C800991B8F /* BTCompTestTests.xctest */,
				E60598B2284DE4C800991B8F /* BTCompTestUITests.xctest */,
			);
			name = Products;
			sourceTree = "<group>";
		};
		E605989A284DE4C600991B8F /* BTCompTest */ = {
			isa = PBXGroup;
			children = (
				E60598DC284EF88000991B8F /* Info.plist */,
				E605989B284DE4C600991B8F /* BTCompTestApp.swift */,
				E605989D284DE4C600991B8F /* ContentView.swift */,
				E60598D5284EF6A600991B8F /* PlayerView.swift */,
				E60598D4284EF6A600991B8F /* PlayerViewModel.swift */,
				E60598DA284EF6DD00991B8F /* test.mp4 */,
				E60598D8284EF6AD00991B8F /* CustomPlayerWithControls.swift */,
				E605989F284DE4C700991B8F /* Assets.xcassets */,
				E60598A1284DE4C700991B8F /* Preview Content */,
			);
			path = BTCompTest;
			sourceTree = "<group>";
		};
		E60598A1284DE4C700991B8F /* Preview Content */ = {
			isa = PBXGroup;
			children = (
				E60598A2284DE4C700991B8F /* Preview Assets.xcassets */,
			);
			path = "Preview Content";
			sourceTree = "<group>";
		};
		E60598AB284DE4C800991B8F /* BTCompTestTests */ = {
			isa = PBXGroup;
			children = (
				E60598AC284DE4C800991B8F /* BTCompTestTests.swift */,
			);
			path = BTCompTestTests;
			sourceTree = "<group>";
		};
		E60598B5284DE4C800991B8F /* BTCompTestUITests */ = {
			isa = PBXGroup;
			children = (
				E60598B6284DE4C800991B8F /* BTCompTestUITests.swift */,
				E60598B8284DE4C800991B8F /* BTCompTestUITestsLaunchTests.swift */,
			);
			path = BTCompTestUITests;
			sourceTree = "<group>";
		};
/* End PBXGroup section */

/* Begin PBXNativeTarget section */
		E6059897284DE4C600991B8F /* BTCompTest */ = {
			isa = PBXNativeTarget;
			buildConfigurationList = E60598BC284DE4C800991B8F /* Build configuration list for PBXNativeTarget "BTCompTest" */;
			buildPhases = (
				1F94ADDF75EC002C02322729 /* [CP] Check Pods Manifest.lock */,
				E6059894284DE4C600991B8F /* Sources */,
				E6059895284DE4C600991B8F /* Frameworks */,
				E6059896284DE4C600991B8F /* Resources */,
				0C6EE9C7002E5D723FB95D81 /* [CP] Embed Pods Frameworks */,
			);
			buildRules = (
			);
			dependencies = (
			);
			name = BTCompTest;
			productName = BTCompTest;
			productReference = E6059898284DE4C600991B8F /* BTCompTest.app */;
			productType = "com.apple.product-type.application";
		};
		E60598A7284DE4C800991B8F /* BTCompTestTests */ = {
			isa = PBXNativeTarget;
			buildConfigurationList = E60598BF284DE4C800991B8F /* Build configuration list for PBXNativeTarget "BTCompTestTests" */;
			buildPhases = (
				4260C443115F750FFFC7C98C /* [CP] Check Pods Manifest.lock */,
				E60598A4284DE4C800991B8F /* Sources */,
				E60598A5284DE4C800991B8F /* Frameworks */,
				E60598A6284DE4C800991B8F /* Resources */,
			);
			buildRules = (
			);
			dependencies = (
				E60598AA284DE4C800991B8F /* PBXTargetDependency */,
			);
			name = BTCompTestTests;
			productName = BTCompTestTests;
			productReference = E60598A8284DE4C800991B8F /* BTCompTestTests.xctest */;
			productType = "com.apple.product-type.bundle.unit-test";
		};
		E60598B1284DE4C800991B8F /* BTCompTestUITests */ = {
			isa = PBXNativeTarget;
			buildConfigurationList = E60598C2284DE4C800991B8F /* Build configuration list for PBXNativeTarget "BTCompTestUITests" */;
			buildPhases = (
				DE3878F96693F6682F1609C6 /* [CP] Check Pods Manifest.lock */,
				E60598AE284DE4C800991B8F /* Sources */,
				E60598AF284DE4C800991B8F /* Frameworks */,
				E60598B0284DE4C800991B8F /* Resources */,
			);
			buildRules = (
			);
			dependencies = (
				E60598B4284DE4C800991B8F /* PBXTargetDependency */,
			);
			name = BTCompTestUITests;
			productName = BTCompTestUITests;
			productReference = E60598B2284DE4C800991B8F /* BTCompTestUITests.xctest */;
			productType = "com.apple.product-type.bundle.ui-testing";
		};
/* End PBXNativeTarget section */

/* Begin PBXProject section */
		E6059890284DE4C600991B8F /* Project object */ = {
			isa = PBXProject;
			attributes = {
				BuildIndependentTargetsInParallel = 1;
				LastSwiftUpdateCheck = 1320;
				LastUpgradeCheck = 1320;
				TargetAttributes = {
					E6059897284DE4C600991B8F = {
						CreatedOnToolsVersion = 13.2.1;
					};
					E60598A7284DE4C800991B8F = {
						CreatedOnToolsVersion = 13.2.1;
						TestTargetID = E6059897284DE4C600991B8F;
					};
					E60598B1284DE4C800991B8F = {
						CreatedOnToolsVersion = 13.2.1;
						TestTargetID = E6059897284DE4C600991B8F;
					};
				};
			};
			buildConfigurationList = E6059893284DE4C600991B8F /* Build configuration list for PBXProject "BTCompTest" */;
			compatibilityVersion = "Xcode 13.0";
			developmentRegion = en;
			hasScannedForEncodings = 0;
			knownRegions = (
				en,
				Base,
			);
			mainGroup = E605988F284DE4C600991B8F;
			productRefGroup = E6059899284DE4C600991B8F /* Products */;
			projectDirPath = "";
			projectRoot = "";
			targets = (
				E6059897284DE4C600991B8F /* BTCompTest */,
				E60598A7284DE4C800991B8F /* BTCompTestTests */,
				E60598B1284DE4C800991B8F /* BTCompTestUITests */,
			);
		};
/* End PBXProject section */

/* Begin PBXResourcesBuildPhase section */
		E6059896284DE4C600991B8F /* Resources */ = {
			isa = PBXResourcesBuildPhase;
			buildActionMask = 2147483647;
			files = (
				E60598A3284DE4C700991B8F /* Preview Assets.xcassets in Resources */,
				E60598DB284EF6DD00991B8F /* test.mp4 in Resources */,
				E60598A0284DE4C700991B8F /* Assets.xcassets in Resources */,
			);
			runOnlyForDeploymentPostprocessing = 0;
		};
		E60598A6284DE4C800991B8F /* Resources */ = {
			isa = PBXResourcesBuildPhase;
			buildActionMask = 2147483647;
			files = (
			);
			runOnlyForDeploymentPostprocessing = 0;
		};
		E60598B0284DE4C800991B8F /* Resources */ = {
			isa = PBXResourcesBuildPhase;
			buildActionMask = 2147483647;
			files = (
			);
			runOnlyForDeploymentPostprocessing = 0;
		};
/* End PBXResourcesBuildPhase section */

/* Begin PBXShellScriptBuildPhase section */
		0C6EE9C7002E5D723FB95D81 /* [CP] Embed Pods Frameworks */ = {
			isa = PBXShellScriptBuildPhase;
			buildActionMask = 2147483647;
			files = (
			);
			inputFileListPaths = (
			);
			inputPaths = (
				"${SRCROOT}/Pods/Target Support Files/Pods-BTCompTest/Pods-BTCompTest-frameworks.sh",
				"${BUILT_PRODUCTS_DIR}/SnapKit/SnapKit.framework",
			);
			name = "[CP] Embed Pods Frameworks";
			outputFileListPaths = (
			);
			outputPaths = (
				"${TARGET_BUILD_DIR}/${FRAMEWORKS_FOLDER_PATH}/SnapKit.framework",
			);
			runOnlyForDeploymentPostprocessing = 0;
			shellPath = /bin/sh;
			shellScript = "\"${SRCROOT}/Pods/Target Support Files/Pods-BTCompTest/Pods-BTCompTest-frameworks.sh\"\n";
			showEnvVarsInLog = 0;
		};
		1F94ADDF75EC002C02322729 /* [CP] Check Pods Manifest.lock */ = {
			isa = PBXShellScriptBuildPhase;
			buildActionMask = 2147483647;
			files = (
			);
			inputFileListPaths = (
			);
			inputPaths = (
				"${PODS_PODFILE_DIR_PATH}/Podfile.lock",
				"${PODS_ROOT}/Manifest.lock",
			);
			name = "[CP] Check Pods Manifest.lock";
			outputFileListPaths = (
			);
			outputPaths = (
				"$(DERIVED_FILE_DIR)/Pods-BTCompTest-checkManifestLockResult.txt",
			);
			runOnlyForDeploymentPostprocessing = 0;
			shellPath = /bin/sh;
			shellScript = "diff \"${PODS_PODFILE_DIR_PATH}/Podfile.lock\" \"${PODS_ROOT}/Manifest.lock\" > /dev/null\nif [ $? != 0 ] ; then\n    # print error to STDERR\n    echo \"error: The sandbox is not in sync with the Podfile.lock. Run 'pod install' or update your CocoaPods installation.\" >&2\n    exit 1\nfi\n# This output is used by Xcode 'outputs' to avoid re-running this script phase.\necho \"SUCCESS\" > \"${SCRIPT_OUTPUT_FILE_0}\"\n";
			showEnvVarsInLog = 0;
		};
		4260C443115F750FFFC7C98C /* [CP] Check Pods Manifest.lock */ = {
			isa = PBXShellScriptBuildPhase;
			buildActionMask = 2147483647;
			files = (
			);
			inputFileListPaths = (
			);
			inputPaths = (
				"${PODS_PODFILE_DIR_PATH}/Podfile.lock",
				"${PODS_ROOT}/Manifest.lock",
			);
			name = "[CP] Check Pods Manifest.lock";
			outputFileListPaths = (
			);
			outputPaths = (
				"$(DERIVED_FILE_DIR)/Pods-BTCompTestTests-checkManifestLockResult.txt",
			);
			runOnlyForDeploymentPostprocessing = 0;
			shellPath = /bin/sh;
			shellScript = "diff \"${PODS_PODFILE_DIR_PATH}/Podfile.lock\" \"${PODS_ROOT}/Manifest.lock\" > /dev/null\nif [ $? != 0 ] ; then\n    # print error to STDERR\n    echo \"error: The sandbox is not in sync with the Podfile.lock. Run 'pod install' or update your CocoaPods installation.\" >&2\n    exit 1\nfi\n# This output is used by Xcode 'outputs' to avoid re-running this script phase.\necho \"SUCCESS\" > \"${SCRIPT_OUTPUT_FILE_0}\"\n";
			showEnvVarsInLog = 0;
		};
		DE3878F96693F6682F1609C6 /* [CP] Check Pods Manifest.lock */ = {
			isa = PBXShellScriptBuildPhase;
			buildActionMask = 2147483647;
			files = (
			);
			inputFileListPaths = (
			);
			inputPaths = (
				"${PODS_PODFILE_DIR_PATH}/Podfile.lock",
				"${PODS_ROOT}/Manifest.lock",
			);
			name = "[CP] Check Pods Manifest.lock";
			outputFileListPaths = (
			);
			outputPaths = (
				"$(DERIVED_FILE_DIR)/Pods-BTCompTestUITests-checkManifestLockResult.txt",
			);
			runOnlyForDeploymentPostprocessing = 0;
			shellPath = /bin/sh;
			shellScript = "diff \"${PODS_PODFILE_DIR_PATH}/Podfile.lock\" \"${PODS_ROOT}/Manifest.lock\" > /dev/null\nif [ $? != 0 ] ; then\n    # print error to STDERR\n    echo \"error: The sandbox is not in sync with the Podfile.lock. Run 'pod install' or update your CocoaPods installation.\" >&2\n    exit 1\nfi\n# This output is used by Xcode 'outputs' to avoid re-running this script phase.\necho \"SUCCESS\" > \"${SCRIPT_OUTPUT_FILE_0}\"\n";
			showEnvVarsInLog = 0;
		};
/* End PBXShellScriptBuildPhase section */

/* Begin PBXSourcesBuildPhase section */
		E6059894284DE4C600991B8F /* Sources */ = {
			isa = PBXSourcesBuildPhase;
			buildActionMask = 2147483647;
			files = (
				E60598D9284EF6AD00991B8F /* CustomPlayerWithControls.swift in Sources */,
				E60598D6284EF6A600991B8F /* PlayerViewModel.swift in Sources */,
				E605989E284DE4C600991B8F /* ContentView.swift in Sources */,
				E605989C284DE4C600991B8F /* BTCompTestApp.swift in Sources */,
				E60598D7284EF6A600991B8F /* PlayerView.swift in Sources */,
			);
			runOnlyForDeploymentPostprocessing = 0;
		};
		E60598A4284DE4C800991B8F /* Sources */ = {
			isa = PBXSourcesBuildPhase;
			buildActionMask = 2147483647;
			files = (
				E60598AD284DE4C800991B8F /* BTCompTestTests.swift in Sources */,
			);
			runOnlyForDeploymentPostprocessing = 0;
		};
		E60598AE284DE4C800991B8F /* Sources */ = {
			isa = PBXSourcesBuildPhase;
			buildActionMask = 2147483647;
			files = (
				E60598B7284DE4C800991B8F /* BTCompTestUITests.swift in Sources */,
				E60598B9284DE4C800991B8F /* BTCompTestUITestsLaunchTests.swift in Sources */,
			);
			runOnlyForDeploymentPostprocessing = 0;
		};
/* End PBXSourcesBuildPhase section */

/* Begin PBXTargetDependency section */
		E60598AA284DE4C800991B8F /* PBXTargetDependency */ = {
			isa = PBXTargetDependency;
			target = E6059897284DE4C600991B8F /* BTCompTest */;
			targetProxy = E60598A9284DE4C800991B8F /* PBXContainerItemProxy */;
		};
		E60598B4284DE4C800991B8F /* PBXTargetDependency */ = {
			isa = PBXTargetDependency;
			target = E6059897284DE4C600991B8F /* BTCompTest */;
			targetProxy = E60598B3284DE4C800991B8F /* PBXContainerItemProxy */;
		};
/* End PBXTargetDependency section */

/* Begin XCBuildConfiguration section */
		E60598BA284DE4C800991B8F /* Debug */ = {
			isa = XCBuildConfiguration;
			buildSettings = {
				ALWAYS_SEARCH_USER_PATHS = NO;
				CLANG_ANALYZER_NONNULL = YES;
				CLANG_ANALYZER_NUMBER_OBJECT_CONVERSION = YES_AGGRESSIVE;
				CLANG_CXX_LANGUAGE_STANDARD = "gnu++17";
				CLANG_CXX_LIBRARY = "libc++";
				CLANG_ENABLE_MODULES = YES;
				CLANG_ENABLE_OBJC_ARC = YES;
				CLANG_ENABLE_OBJC_WEAK = YES;
				CLANG_WARN_BLOCK_CAPTURE_AUTORELEASING = YES;
				CLANG_WARN_BOOL_CONVERSION = YES;
				CLANG_WARN_COMMA = YES;
				CLANG_WARN_CONSTANT_CONVERSION = YES;
				CLANG_WARN_DEPRECATED_OBJC_IMPLEMENTATIONS = YES;
				CLANG_WARN_DIRECT_OBJC_ISA_USAGE = YES_ERROR;
				CLANG_WARN_DOCUMENTATION_COMMENTS = YES;
				CLANG_WARN_EMPTY_BODY = YES;
				CLANG_WARN_ENUM_CONVERSION = YES;
				CLANG_WARN_INFINITE_RECURSION = YES;
				CLANG_WARN_INT_CONVERSION = YES;
				CLANG_WARN_NON_LITERAL_NULL_CONVERSION = YES;
				CLANG_WARN_OBJC_IMPLICIT_RETAIN_SELF = YES;
				CLANG_WARN_OBJC_LITERAL_CONVERSION = YES;
				CLANG_WARN_OBJC_ROOT_CLASS = YES_ERROR;
				CLANG_WARN_QUOTED_INCLUDE_IN_FRAMEWORK_HEADER = YES;
				CLANG_WARN_RANGE_LOOP_ANALYSIS = YES;
				CLANG_WARN_STRICT_PROTOTYPES = YES;
				CLANG_WARN_SUSPICIOUS_MOVE = YES;
				CLANG_WARN_UNGUARDED_AVAILABILITY = YES_AGGRESSIVE;
				CLANG_WARN_UNREACHABLE_CODE = YES;
				CLANG_WARN__DUPLICATE_METHOD_MATCH = YES;
				COPY_PHASE_STRIP = NO;
				DEBUG_INFORMATION_FORMAT = dwarf;
				ENABLE_STRICT_OBJC_MSGSEND = YES;
				ENABLE_TESTABILITY = YES;
				GCC_C_LANGUAGE_STANDARD = gnu11;
				GCC_DYNAMIC_NO_PIC = NO;
				GCC_NO_COMMON_BLOCKS = YES;
				GCC_OPTIMIZATION_LEVEL = 0;
				GCC_PREPROCESSOR_DEFINITIONS = (
					"DEBUG=1",
					"$(inherited)",
				);
				GCC_WARN_64_TO_32_BIT_CONVERSION = YES;
				GCC_WARN_ABOUT_RETURN_TYPE = YES_ERROR;
				GCC_WARN_UNDECLARED_SELECTOR = YES;
				GCC_WARN_UNINITIALIZED_AUTOS = YES_AGGRESSIVE;
				GCC_WARN_UNUSED_FUNCTION = YES;
				GCC_WARN_UNUSED_VARIABLE = YES;
				IPHONEOS_DEPLOYMENT_TARGET = 15.2;
				MTL_ENABLE_DEBUG_INFO = INCLUDE_SOURCE;
				MTL_FAST_MATH = YES;
				ONLY_ACTIVE_ARCH = YES;
				SDKROOT = iphoneos;
				SWIFT_ACTIVE_COMPILATION_CONDITIONS = DEBUG;
				SWIFT_OPTIMIZATION_LEVEL = "-Onone";
			};
			name = Debug;
		};
		E60598BB284DE4C800991B8F /* Release */ = {
			isa = XCBuildConfiguration;
			buildSettings = {
				ALWAYS_SEARCH_USER_PATHS = NO;
				CLANG_ANALYZER_NONNULL = YES;
				CLANG_ANALYZER_NUMBER_OBJECT_CONVERSION = YES_AGGRESSIVE;
				CLANG_CXX_LANGUAGE_STANDARD = "gnu++17";
				CLANG_CXX_LIBRARY = "libc++";
				CLANG_ENABLE_MODULES = YES;
				CLANG_ENABLE_OBJC_ARC = YES;
				CLANG_ENABLE_OBJC_WEAK = YES;
				CLANG_WARN_BLOCK_CAPTURE_AUTORELEASING = YES;
				CLANG_WARN_BOOL_CONVERSION = YES;
				CLANG_WARN_COMMA = YES;
				CLANG_WARN_CONSTANT_CONVERSION = YES;
				CLANG_WARN_DEPRECATED_OBJC_IMPLEMENTATIONS = YES;
				CLANG_WARN_DIRECT_OBJC_ISA_USAGE = YES_ERROR;
				CLANG_WARN_DOCUMENTATION_COMMENTS = YES;
				CLANG_WARN_EMPTY_BODY = YES;
				CLANG_WARN_ENUM_CONVERSION = YES;
				CLANG_WARN_INFINITE_RECURSION = YES;
				CLANG_WARN_INT_CONVERSION = YES;
				CLANG_WARN_NON_LITERAL_NULL_CONVERSION = YES;
				CLANG_WARN_OBJC_IMPLICIT_RETAIN_SELF = YES;
				CLANG_WARN_OBJC_LITERAL_CONVERSION = YES;
				CLANG_WARN_OBJC_ROOT_CLASS = YES_ERROR;
				CLANG_WARN_QUOTED_INCLUDE_IN_FRAMEWORK_HEADER = YES;
				CLANG_WARN_RANGE_LOOP_ANALYSIS = YES;
				CLANG_WARN_STRICT_PROTOTYPES = YES;
				CLANG_WARN_SUSPICIOUS_MOVE = YES;
				CLANG_WARN_UNGUARDED_AVAILABILITY = YES_AGGRESSIVE;
				CLANG_WARN_UNREACHABLE_CODE = YES;
				CLANG_WARN__DUPLICATE_METHOD_MATCH = YES;
				COPY_PHASE_STRIP = NO;
				DEBUG_INFORMATION_FORMAT = "dwarf-with-dsym";
				ENABLE_NS_ASSERTIONS = NO;
				ENABLE_STRICT_OBJC_MSGSEND = YES;
				GCC_C_LANGUAGE_STANDARD = gnu11;
				GCC_NO_COMMON_BLOCKS = YES;
				GCC_WARN_64_TO_32_BIT_CONVERSION = YES;
				GCC_WARN_ABOUT_RETURN_TYPE = YES_ERROR;
				GCC_WARN_UNDECLARED_SELECTOR = YES;
				GCC_WARN_UNINITIALIZED_AUTOS = YES_AGGRESSIVE;
				GCC_WARN_UNUSED_FUNCTION = YES;
				GCC_WARN_UNUSED_VARIABLE = YES;
				IPHONEOS_DEPLOYMENT_TARGET = 15.2;
				MTL_ENABLE_DEBUG_INFO = NO;
				MTL_FAST_MATH = YES;
				SDKROOT = iphoneos;
				SWIFT_COMPILATION_MODE = wholemodule;
				SWIFT_OPTIMIZATION_LEVEL = "-O";
				VALIDATE_PRODUCT = YES;
			};
			name = Release;
		};
		E60598BD284DE4C800991B8F /* Debug */ = {
			isa = XCBuildConfiguration;
			baseConfigurationReference = 5F215A4DC826F435BB1F90BF /* Pods-BTCompTest.debug.xcconfig */;
			buildSettings = {
				ASSETCATALOG_COMPILER_APPICON_NAME = AppIcon;
				ASSETCATALOG_COMPILER_GLOBAL_ACCENT_COLOR_NAME = AccentColor;
				CODE_SIGN_STYLE = Automatic;
				CURRENT_PROJECT_VERSION = 1;
				DEVELOPMENT_ASSET_PATHS = "\"BTCompTest/Preview Content\"";
				DEVELOPMENT_TEAM = QYA43G95L4;
				ENABLE_PREVIEWS = YES;
				GENERATE_INFOPLIST_FILE = YES;
				INFOPLIST_FILE = BTCompTest/Info.plist;
				INFOPLIST_KEY_UIApplicationSceneManifest_Generation = YES;
				INFOPLIST_KEY_UIApplicationSupportsIndirectInputEvents = YES;
				INFOPLIST_KEY_UILaunchScreen_Generation = YES;
				INFOPLIST_KEY_UISupportedInterfaceOrientations_iPad = "UIInterfaceOrientationPortrait UIInterfaceOrientationPortraitUpsideDown UIInterfaceOrientationLandscapeLeft UIInterfaceOrientationLandscapeRight";
				INFOPLIST_KEY_UISupportedInterfaceOrientations_iPhone = "UIInterfaceOrientationPortrait UIInterfaceOrientationLandscapeLeft UIInterfaceOrientationLandscapeRight";
				IPHONEOS_DEPLOYMENT_TARGET = 15.2;
				LD_RUNPATH_SEARCH_PATHS = (
					"$(inherited)",
					"@executable_path/Frameworks",
				);
				MARKETING_VERSION = 1.0;
				PRODUCT_BUNDLE_IDENTIFIER = ASC.BTCompTest;
				PRODUCT_NAME = "$(TARGET_NAME)";
				SWIFT_EMIT_LOC_STRINGS = YES;
				SWIFT_VERSION = 5.0;
				TARGETED_DEVICE_FAMILY = "1,2";
			};
			name = Debug;
		};
		E60598BE284DE4C800991B8F /* Release */ = {
			isa = XCBuildConfiguration;
			baseConfigurationReference = 27FAA3C93A4949E33BF97897 /* Pods-BTCompTest.release.xcconfig */;
			buildSettings = {
				ASSETCATALOG_COMPILER_APPICON_NAME = AppIcon;
				ASSETCATALOG_COMPILER_GLOBAL_ACCENT_COLOR_NAME = AccentColor;
				CODE_SIGN_STYLE = Automatic;
				CURRENT_PROJECT_VERSION = 1;
				DEVELOPMENT_ASSET_PATHS = "\"BTCompTest/Preview Content\"";
				DEVELOPMENT_TEAM = QYA43G95L4;
				ENABLE_PREVIEWS = YES;
				GENERATE_INFOPLIST_FILE = YES;
				INFOPLIST_FILE = BTCompTest/Info.plist;
				INFOPLIST_KEY_UIApplicationSceneManifest_Generation = YES;
				INFOPLIST_KEY_UIApplicationSupportsIndirectInputEvents = YES;
				INFOPLIST_KEY_UILaunchScreen_Generation = YES;
				INFOPLIST_KEY_UISupportedInterfaceOrientations_iPad = "UIInterfaceOrientationPortrait UIInterfaceOrientationPortraitUpsideDown UIInterfaceOrientationLandscapeLeft UIInterfaceOrientationLandscapeRight";
				INFOPLIST_KEY_UISupportedInterfaceOrientations_iPhone = "UIInterfaceOrientationPortrait UIInterfaceOrientationLandscapeLeft UIInterfaceOrientationLandscapeRight";
				IPHONEOS_DEPLOYMENT_TARGET = 15.2;
				LD_RUNPATH_SEARCH_PATHS = (
					"$(inherited)",
					"@executable_path/Frameworks",
				);
				MARKETING_VERSION = 1.0;
				PRODUCT_BUNDLE_IDENTIFIER = ASC.BTCompTest;
				PRODUCT_NAME = "$(TARGET_NAME)";
				SWIFT_EMIT_LOC_STRINGS = YES;
				SWIFT_VERSION = 5.0;
				TARGETED_DEVICE_FAMILY = "1,2";
			};
			name = Release;
		};
		E60598C0284DE4C800991B8F /* Debug */ = {
			isa = XCBuildConfiguration;
			baseConfigurationReference = E881A3F5A5F196A23738B04E /* Pods-BTCompTestTests.debug.xcconfig */;
			buildSettings = {
				ALWAYS_EMBED_SWIFT_STANDARD_LIBRARIES = YES;
				BUNDLE_LOADER = "$(TEST_HOST)";
				CODE_SIGN_STYLE = Automatic;
				CURRENT_PROJECT_VERSION = 1;
				DEVELOPMENT_TEAM = QYA43G95L4;
				GENERATE_INFOPLIST_FILE = YES;
				IPHONEOS_DEPLOYMENT_TARGET = 15.2;
				MARKETING_VERSION = 1.0;
				PRODUCT_BUNDLE_IDENTIFIER = ASC.BTCompTestTests;
				PRODUCT_NAME = "$(TARGET_NAME)";
				SWIFT_EMIT_LOC_STRINGS = NO;
				SWIFT_VERSION = 5.0;
				TARGETED_DEVICE_FAMILY = "1,2";
				TEST_HOST = "$(BUILT_PRODUCTS_DIR)/BTCompTest.app/BTCompTest";
			};
			name = Debug;
		};
		E60598C1284DE4C800991B8F /* Release */ = {
			isa = XCBuildConfiguration;
			baseConfigurationReference = 39C3E9BF6F180A9DC31279DA /* Pods-BTCompTestTests.release.xcconfig */;
			buildSettings = {
				ALWAYS_EMBED_SWIFT_STANDARD_LIBRARIES = YES;
				BUNDLE_LOADER = "$(TEST_HOST)";
				CODE_SIGN_STYLE = Automatic;
				CURRENT_PROJECT_VERSION = 1;
				DEVELOPMENT_TEAM = QYA43G95L4;
				GENERATE_INFOPLIST_FILE = YES;
				IPHONEOS_DEPLOYMENT_TARGET = 15.2;
				MARKETING_VERSION = 1.0;
				PRODUCT_BUNDLE_IDENTIFIER = ASC.BTCompTestTests;
				PRODUCT_NAME = "$(TARGET_NAME)";
				SWIFT_EMIT_LOC_STRINGS = NO;
				SWIFT_VERSION = 5.0;
				TARGETED_DEVICE_FAMILY = "1,2";
				TEST_HOST = "$(BUILT_PRODUCTS_DIR)/BTCompTest.app/BTCompTest";
			};
			name = Release;
		};
		E60598C3284DE4C800991B8F /* Debug */ = {
			isa = XCBuildConfiguration;
			baseConfigurationReference = 76FF6C15DF45C929810231DD /* Pods-BTCompTestUITests.debug.xcconfig */;
			buildSettings = {
				ALWAYS_EMBED_SWIFT_STANDARD_LIBRARIES = YES;
				CODE_SIGN_STYLE = Automatic;
				CURRENT_PROJECT_VERSION = 1;
				DEVELOPMENT_TEAM = QYA43G95L4;
				GENERATE_INFOPLIST_FILE = YES;
				MARKETING_VERSION = 1.0;
				PRODUCT_BUNDLE_IDENTIFIER = ASC.BTCompTestUITests;
				PRODUCT_NAME = "$(TARGET_NAME)";
				SWIFT_EMIT_LOC_STRINGS = NO;
				SWIFT_VERSION = 5.0;
				TARGETED_DEVICE_FAMILY = "1,2";
				TEST_TARGET_NAME = BTCompTest;
			};
			name = Debug;
		};
		E60598C4284DE4C800991B8F /* Release */ = {
			isa = XCBuildConfiguration;
			baseConfigurationReference = C0F55BC83FB32EF75E13123F /* Pods-BTCompTestUITests.release.xcconfig */;
			buildSettings = {
				ALWAYS_EMBED_SWIFT_STANDARD_LIBRARIES = YES;
				CODE_SIGN_STYLE = Automatic;
				CURRENT_PROJECT_VERSION = 1;
				DEVELOPMENT_TEAM = QYA43G95L4;
				GENERATE_INFOPLIST_FILE = YES;
				MARKETING_VERSION = 1.0;
				PRODUCT_BUNDLE_IDENTIFIER = ASC.BTCompTestUITests;
				PRODUCT_NAME = "$(TARGET_NAME)";
				SWIFT_EMIT_LOC_STRINGS = NO;
				SWIFT_VERSION = 5.0;
				TARGETED_DEVICE_FAMILY = "1,2";
				TEST_TARGET_NAME = BTCompTest;
			};
			name = Release;
		};
/* End XCBuildConfiguration section */

/* Begin XCConfigurationList section */
		E6059893284DE4C600991B8F /* Build configuration list for PBXProject "BTCompTest" */ = {
			isa = XCConfigurationList;
			buildConfigurations = (
				E60598BA284DE4C800991B8F /* Debug */,
				E60598BB284DE4C800991B8F /* Release */,
			);
			defaultConfigurationIsVisible = 0;
			defaultConfigurationName = Release;
		};
		E60598BC284DE4C800991B8F /* Build configuration list for PBXNativeTarget "BTCompTest" */ = {
			isa = XCConfigurationList;
			buildConfigurations = (
				E60598BD284DE4C800991B8F /* Debug */,
				E60598BE284DE4C800991B8F /* Release */,
			);
			defaultConfigurationIsVisible = 0;
			defaultConfigurationName = Release;
		};
		E60598BF284DE4C800991B8F /* Build configuration list for PBXNativeTarget "BTCompTestTests" */ = {
			isa = XCConfigurationList;
			buildConfigurations = (
				E60598C0284DE4C800991B8F /* Debug */,
				E60598C1284DE4C800991B8F /* Release */,
			);
			defaultConfigurationIsVisible = 0;
			defaultConfigurationName = Release;
		};
		E60598C2284DE4C800991B8F /* Build configuration list for PBXNativeTarget "BTCompTestUITests" */ = {
			isa = XCConfigurationList;
			buildConfigurations = (
				E60598C3284DE4C800991B8F /* Debug */,
				E60598C4284DE4C800991B8F /* Release */,
			);
			defaultConfigurationIsVisible = 0;
			defaultConfigurationName = Release;
		};
/* End XCConfigurationList section */
	};
	rootObject = E6059890284DE4C600991B8F /* Project object */;
}
